
Microsoft Visual Studio Solution File, Format Version 12.00
# Visual Studio 15
VisualStudioVersion = 15.0.27703.2035
MinimumVisualStudioVersion = 10.0.40219.1
Project("{FAE04EC0-301F-11D3-BF4B-00C04F79EFBC}") = "TestApp", "TestApp\TestApp.csproj", "{9928942D-A872-4376-99C3-29F2A6DF5FB3}"
EndProject
Project("{2150E333-8FDC-42A3-9474-1A3956D46DE8}") = "Solution Items", "Solution Items", "{343675F2-C76F-4B05-957C-F13FF5DCAF40}"
	ProjectSection(SolutionItems) = preProject
		HTMLPage1.html = HTMLPage1.html
		Script1.js = Script1.js
	EndProjectSection
EndProject
Global
	GlobalSection(SolutionConfigurationPlatforms) = preSolution
		Debug|Any CPU = Debug|Any CPU
		Release|Any CPU = Release|Any CPU
	EndGlobalSection
	GlobalSection(ProjectConfigurationPlatforms) = postSolution
		{9928942D-A872-4376-99C3-29F2A6DF5FB3}.Debug|Any CPU.ActiveCfg = Debug|Any CPU
		{9928942D-A872-4376-99C3-29F2A6DF5FB3}.Debug|Any CPU.Build.0 = Debug|Any CPU
		{9928942D-A872-4376-99C3-29F2A6DF5FB3}.Release|Any CPU.ActiveCfg = Release|Any CPU
		{9928942D-A872-4376-99C3-29F2A6DF5FB3}.Release|Any CPU.Build.0 = Release|Any CPU
	EndGlobalSection
	GlobalSection(SolutionProperties) = preSolution
		HideSolutionNode = FALSE
	EndGlobalSection
	GlobalSection(ExtensibilityGlobals) = postSolution
		SolutionGuid = {CA144C3C-7E55-48E4-9FB6-74DB8F19AEDA}
	EndGlobalSection
EndGlobal
